
Microsoft Visual Studio Solution File, Format Version 12.00
# Visual Studio Version 16
VisualStudioVersion = 16.0.31402.337
MinimumVisualStudioVersion = 10.0.40219.1
Project("{FAE04EC0-301F-11D3-BF4B-00C04F79EFBC}") = "Smudge Timer", "Smudge Timer\Smudge Timer.csproj", "{BFAF2BD9-0E28-422B-A15E-BD06358F59F3}"
EndProject
Global
	GlobalSection(SolutionConfigurationPlatforms) = preSolution
		Debug|Any CPU = Debug|Any CPU
		Release|Any CPU = Release|Any CPU
	EndGlobalSection
	GlobalSection(ProjectConfigurationPlatforms) = postSolution
		{BFAF2BD9-0E28-422B-A15E-BD06358F59F3}.Debug|Any CPU.ActiveCfg = Debug|Any CPU
		{BFAF2BD9-0E28-422B-A15E-BD06358F59F3}.Debug|Any CPU.Build.0 = Debug|Any CPU
		{BFAF2BD9-0E28-422B-A15E-BD06358F59F3}.Release|Any CPU.ActiveCfg = Release|Any CPU
		{BFAF2BD9-0E28-422B-A15E-BD06358F59F3}.Release|Any CPU.Build.0 = Release|Any CPU
	EndGlobalSection
	GlobalSection(SolutionProperties) = preSolution
		HideSolutionNode = FALSE
	EndGlobalSection
	GlobalSection(ExtensibilityGlobals) = postSolution
		SolutionGuid = {36FF9CF4-3558-4FB1-8258-286C66F5EB3B}
	EndGlobalSection
EndGlobal
